// !$*UTF8*$!
{
	archiveVersion = 1;
	classes = {
	};
	objectVersion = 46;
	objects = {

/* Begin PBXBuildFile section */
		D64424DB1A5757A40039731D /* AppDelegate.swift in Sources */ = {isa = PBXBuildFile; fileRef = D64424DA1A5757A40039731D /* AppDelegate.swift */; };
		D64424DD1A5757A40039731D /* ViewController.swift in Sources */ = {isa = PBXBuildFile; fileRef = D64424DC1A5757A40039731D /* ViewController.swift */; };
		D64424E01A5757A40039731D /* Main.storyboard in Resources */ = {isa = PBXBuildFile; fileRef = D64424DE1A5757A40039731D /* Main.storyboard */; };
		D64424E21A5757A40039731D /* Images.xcassets in Resources */ = {isa = PBXBuildFile; fileRef = D64424E11A5757A40039731D /* Images.xcassets */; };
		D64424E51A5757A40039731D /* LaunchScreen.xib in Resources */ = {isa = PBXBuildFile; fileRef = D64424E31A5757A40039731D /* LaunchScreen.xib */; };
		D64424F11A5757A40039731D /* ShoeSizeConverterTests.swift in Sources */ = {isa = PBXBuildFile; fileRef = D64424F01A5757A40039731D /* ShoeSizeConverterTests.swift */; };
/* End PBXBuildFile section */

/* Begin PBXContainerItemProxy section */
		D64424EB1A5757A40039731D /* PBXContainerItemProxy */ = {
			isa = PBXContainerItemProxy;
			containerPortal = D64424CD1A5757A40039731D /* Project object */;
			proxyType = 1;
			remoteGlobalIDString = D64424D41A5757A40039731D;
			remoteInfo = ShoeSizeConverter;
		};
/* End PBXContainerItemProxy section */

/* Begin PBXFileReference section */
		D64424D51A5757A40039731D /* ShoeSizeConverter.app */ = {isa = PBXFileReference; explicitFileType = wrapper.application; includeInIndex = 0; path = ShoeSizeConverter.app; sourceTree = BUILT_PRODUCTS_DIR; };
		D64424D91A5757A40039731D /* Info.plist */ = {isa = PBXFileReference; lastKnownFileType = text.plist.xml; path = Info.plist; sourceTree = "<group>"; };
		D64424DA1A5757A40039731D /* AppDelegate.swift */ = {isa = PBXFileReference; lastKnownFileType = sourcecode.swift; path = AppDelegate.swift; sourceTree = "<group>"; };
		D64424DC1A5757A40039731D /* ViewController.swift */ = {isa = PBXFileReference; lastKnownFileType = sourcecode.swift; path = ViewController.swift; sourceTree = "<group>"; };
		D64424DF1A5757A40039731D /* Base */ = {isa = PBXFileReference; lastKnownFileType = file.storyboard; name = Base; path = Base.lproj/Main.storyboard; sourceTree = "<group>"; };
		D64424E11A5757A40039731D /* Images.xcassets */ = {isa = PBXFileReference; lastKnownFileType = folder.assetcatalog; path = Images.xcassets; sourceTree = "<group>"; };
		D64424E41A5757A40039731D /* Base */ = {isa = PBXFileReference; lastKnownFileType = file.xib; name = Base; path = Base.lproj/LaunchScreen.xib; sourceTree = "<group>"; };
		D64424EA1A5757A40039731D /* ShoeSizeConverterTests.xctest */ = {isa = PBXFileReference; explicitFileType = wrapper.cfbundle; includeInIndex = 0; path = ShoeSizeConverterTests.xctest; sourceTree = BUILT_PRODUCTS_DIR; };
		D64424EF1A5757A40039731D /* Info.plist */ = {isa = PBXFileReference; lastKnownFileType = text.plist.xml; path = Info.plist; sourceTree = "<group>"; };
		D64424F01A5757A40039731D /* ShoeSizeConverterTests.swift */ = {isa = PBXFileReference; lastKnownFileType = sourcecode.swift; path = ShoeSizeConverterTests.swift; sourceTree = "<group>"; };
/* End PBXFileReference section */

/* Begin PBXFrameworksBuildPhase section */
		D64424D21A5757A40039731D /* Frameworks */ = {
			isa = PBXFrameworksBuildPhase;
			buildActionMask = 2147483647;
			files = (
			);
			runOnlyForDeploymentPostprocessing = 0;
		};
		D64424E71A5757A40039731D /* Frameworks */ = {
			isa = PBXFrameworksBuildPhase;
			buildActionMask = 2147483647;
			files = (
			);
			runOnlyForDeploymentPostprocessing = 0;
		};
/* End PBXFrameworksBuildPhase section */

/* Begin PBXGroup section */
		D64424CC1A5757A40039731D = {
			isa = PBXGroup;
			children = (
				D64424D71A5757A40039731D /* ShoeSizeConverter */,
				D64424ED1A5757A40039731D /* ShoeSizeConverterTests */,
				D64424D61A5757A40039731D /* Products */,
			);
			sourceTree = "<group>";
		};
		D64424D61A5757A40039731D /* Products */ = {
			isa = PBXGroup;
			children = (
				D64424D51A5757A40039731D /* ShoeSizeConverter.app */,
				D64424EA1A5757A40039731D /* ShoeSizeConverterTests.xctest */,
			);
			name = Products;
			sourceTree = "<group>";
		};
		D64424D71A5757A40039731D /* ShoeSizeConverter */ = {
			isa = PBXGroup;
			children = (
				D64424DA1A5757A40039731D /* AppDelegate.swift */,
				D64424DC1A5757A40039731D /* ViewController.swift */,
				D64424DE1A5757A40039731D /* Main.storyboard */,
				D64424E11A5757A40039731D /* Images.xcassets */,
				D64424E31A5757A40039731D /* LaunchScreen.xib */,
				D64424D81A5757A40039731D /* Supporting Files */,
			);
			path = ShoeSizeConverter;
			sourceTree = "<group>";
		};
		D64424D81A5757A40039731D /* Supporting Files */ = {
			isa = PBXGroup;
			children = (
				D64424D91A5757A40039731D /* Info.plist */,
			);
			name = "Supporting Files";
			sourceTree = "<group>";
		};
		D64424ED1A5757A40039731D /* ShoeSizeConverterTests */ = {
			isa = PBXGroup;
			children = (
				D64424F01A5757A40039731D /* ShoeSizeConverterTests.swift */,
				D64424EE1A5757A40039731D /* Supporting Files */,
			);
			path = ShoeSizeConverterTests;
			sourceTree = "<group>";
		};
		D64424EE1A5757A40039731D /* Supporting Files */ = {
			isa = PBXGroup;
			children = (
				D64424EF1A5757A40039731D /* Info.plist */,
			);
			name = "Supporting Files";
			sourceTree = "<group>";
		};
/* End PBXGroup section */

/* Begin PBXNativeTarget section */
		D64424D41A5757A40039731D /* ShoeSizeConverter */ = {
			isa = PBXNativeTarget;
			buildConfigurationList = D64424F41A5757A40039731D /* Build configuration list for PBXNativeTarget "ShoeSizeConverter" */;
			buildPhases = (
				D64424D11A5757A40039731D /* Sources */,
				D64424D21A5757A40039731D /* Frameworks */,
				D64424D31A5757A40039731D /* Resources */,
			);
			buildRules = (
			);
			dependencies = (
			);
			name = ShoeSizeConverter;
			productName = ShoeSizeConverter;
			productReference = D64424D51A5757A40039731D /* ShoeSizeConverter.app */;
			productType = "com.apple.product-type.application";
		};
		D64424E91A5757A40039731D /* ShoeSizeConverterTests */ = {
			isa = PBXNativeTarget;
			buildConfigurationList = D64424F71A5757A40039731D /* Build configuration list for PBXNativeTarget "ShoeSizeConverterTests" */;
			buildPhases = (
				D64424E61A5757A40039731D /* Sources */,
				D64424E71A5757A40039731D /* Frameworks */,
				D64424E81A5757A40039731D /* Resources */,
			);
			buildRules = (
			);
			dependencies = (
				D64424EC1A5757A40039731D /* PBXTargetDependency */,
			);
			name = ShoeSizeConverterTests;
			productName = ShoeSizeConverterTests;
			productReference = D64424EA1A5757A40039731D /* ShoeSizeConverterTests.xctest */;
			productType = "com.apple.product-type.bundle.unit-test";
		};
/* End PBXNativeTarget section */

/* Begin PBXProject section */
		D64424CD1A5757A40039731D /* Project object */ = {
			isa = PBXProject;
			attributes = {
				LastUpgradeCheck = 0610;
				ORGANIZATIONNAME = "Position Approximate";
				TargetAttributes = {
					D64424D41A5757A40039731D = {
						CreatedOnToolsVersion = 6.1.1;
					};
					D64424E91A5757A40039731D = {
						CreatedOnToolsVersion = 6.1.1;
						TestTargetID = D64424D41A5757A40039731D;
					};
				};
			};
			buildConfigurationList = D64424D01A5757A40039731D /* Build configuration list for PBXProject "ShoeSizeConverter" */;
			compatibilityVersion = "Xcode 3.2";
			developmentRegion = English;
			hasScannedForEncodings = 0;
			knownRegions = (
				en,
				Base,
			);
			mainGroup = D64424CC1A5757A40039731D;
			productRefGroup = D64424D61A5757A40039731D /* Products */;
			projectDirPath = "";
			projectRoot = "";
			targets = (
				D64424D41A5757A40039731D /* ShoeSizeConverter */,
				D64424E91A5757A40039731D /* ShoeSizeConverterTests */,
			);
		};
/* End PBXProject section */

/* Begin PBXResourcesBuildPhase section */
		D64424D31A5757A40039731D /* Resources */ = {
			isa = PBXResourcesBuildPhase;
			buildActionMask = 2147483647;
			files = (
				D64424E01A5757A40039731D /* Main.storyboard in Resources */,
				D64424E51A5757A40039731D /* LaunchScreen.xib in Resources */,
				D64424E21A5757A40039731D /* Images.xcassets in Resources */,
			);
			runOnlyForDeploymentPostprocessing = 0;
		};
		D64424E81A5757A40039731D /* Resources */ = {
			isa = PBXResourcesBuildPhase;
			buildActionMask = 2147483647;
			files = (
			);
			runOnlyForDeploymentPostprocessing = 0;
		};
/* End PBXResourcesBuildPhase section */

/* Begin PBXSourcesBuildPhase section */
		D64424D11A5757A40039731D /* Sources */ = {
			isa = PBXSourcesBuildPhase;
			buildActionMask = 2147483647;
			files = (
				D64424DD1A5757A40039731D /* ViewController.swift in Sources */,
				D64424DB1A5757A40039731D /* AppDelegate.swift in Sources */,
			);
			runOnlyForDeploymentPostprocessing = 0;
		};
		D64424E61A5757A40039731D /* Sources */ = {
			isa = PBXSourcesBuildPhase;
			buildActionMask = 2147483647;
			files = (
				D64424F11A5757A40039731D /* ShoeSizeConverterTests.swift in Sources */,
			);
			runOnlyForDeploymentPostprocessing = 0;
		};
/* End PBXSourcesBuildPhase section */

/* Begin PBXTargetDependency section */
		D64424EC1A5757A40039731D /* PBXTargetDependency */ = {
			isa = PBXTargetDependency;
			target = D64424D41A5757A40039731D /* ShoeSizeConverter */;
			targetProxy = D64424EB1A5757A40039731D /* PBXContainerItemProxy */;
		};
/* End PBXTargetDependency section */

/* Begin PBXVariantGroup section */
		D64424DE1A5757A40039731D /* Main.storyboard */ = {
			isa = PBXVariantGroup;
			children = (
				D64424DF1A5757A40039731D /* Base */,
			);
			name = Main.storyboard;
			sourceTree = "<group>";
		};
		D64424E31A5757A40039731D /* LaunchScreen.xib */ = {
			isa = PBXVariantGroup;
			children = (
				D64424E41A5757A40039731D /* Base */,
			);
			name = LaunchScreen.xib;
			sourceTree = "<group>";
		};
/* End PBXVariantGroup section */

/* Begin XCBuildConfiguration section */
		D64424F21A5757A40039731D /* Debug */ = {
			isa = XCBuildConfiguration;
			buildSettings = {
				ALWAYS_SEARCH_USER_PATHS = NO;
				CLANG_CXX_LANGUAGE_STANDARD = "gnu++0x";
				CLANG_CXX_LIBRARY = "libc++";
				CLANG_ENABLE_MODULES = YES;
				CLANG_ENABLE_OBJC_ARC = YES;
				CLANG_WARN_BOOL_CONVERSION = YES;
				CLANG_WARN_CONSTANT_CONVERSION = YES;
				CLANG_WARN_DIRECT_OBJC_ISA_USAGE = YES_ERROR;
				CLANG_WARN_EMPTY_BODY = YES;
				CLANG_WARN_ENUM_CONVERSION = YES;
				CLANG_WARN_INT_CONVERSION = YES;
				CLANG_WARN_OBJC_ROOT_CLASS = YES_ERROR;
				CLANG_WARN_UNREACHABLE_CODE = YES;
				CLANG_WARN__DUPLICATE_METHOD_MATCH = YES;
				"CODE_SIGN_IDENTITY[sdk=iphoneos*]" = "iPhone Developer";
				COPY_PHASE_STRIP = NO;
				ENABLE_STRICT_OBJC_MSGSEND = YES;
				GCC_C_LANGUAGE_STANDARD = gnu99;
				GCC_DYNAMIC_NO_PIC = NO;
				GCC_OPTIMIZATION_LEVEL = 0;
				GCC_PREPROCESSOR_DEFINITIONS = (
					"DEBUG=1",
					"$(inherited)",
				);
				GCC_SYMBOLS_PRIVATE_EXTERN = NO;
				GCC_WARN_64_TO_32_BIT_CONVERSION = YES;
				GCC_WARN_ABOUT_RETURN_TYPE = YES_ERROR;
				GCC_WARN_UNDECLARED_SELECTOR = YES;
				GCC_WARN_UNINITIALIZED_AUTOS = YES_AGGRESSIVE;
				GCC_WARN_UNUSED_FUNCTION = YES;
				GCC_WARN_UNUSED_VARIABLE = YES;
				IPHONEOS_DEPLOYMENT_TARGET = 8.1;
				MTL_ENABLE_DEBUG_INFO = YES;
				ONLY_ACTIVE_ARCH = YES;
				SDKROOT = iphoneos;
				SWIFT_OPTIMIZATION_LEVEL = "-Onone";
			};
			name = Debug;
		};
		D64424F31A5757A40039731D /* Release */ = {
			isa = XCBuildConfiguration;
			buildSettings = {
				ALWAYS_SEARCH_USER_PATHS = NO;
				CLANG_CXX_LANGUAGE_STANDARD = "gnu++0x";
				CLANG_CXX_LIBRARY = "libc++";
				CLANG_ENABLE_MODULES = YES;
				CLANG_ENABLE_OBJC_ARC = YES;
				CLANG_WARN_BOOL_CONVERSION = YES;
				CLANG_WARN_CONSTANT_CONVERSION = YES;
				CLANG_WARN_DIRECT_OBJC_ISA_USAGE = YES_ERROR;
				CLANG_WARN_EMPTY_BODY = YES;
				CLANG_WARN_ENUM_CONVERSION = YES;
				CLANG_WARN_INT_CONVERSION = YES;
				CLANG_WARN_OBJC_ROOT_CLASS = YES_ERROR;
				CLANG_WARN_UNREACHABLE_CODE = YES;
				CLANG_WARN__DUPLICATE_METHOD_MATCH = YES;
				"CODE_SIGN_IDENTITY[sdk=iphoneos*]" = "iPhone Developer";
				COPY_PHASE_STRIP = YES;
				ENABLE_NS_ASSERTIONS = NO;
				ENABLE_STRICT_OBJC_MSGSEND = YES;
				GCC_C_LANGUAGE_STANDARD = gnu99;
				GCC_WARN_64_TO_32_BIT_CONVERSION = YES;
				GCC_WARN_ABOUT_RETURN_TYPE = YES_ERROR;
				GCC_WARN_UNDECLARED_SELECTOR = YES;
				GCC_WARN_UNINITIALIZED_AUTOS = YES_AGGRESSIVE;
				GCC_WARN_UNUSED_FUNCTION = YES;
				GCC_WARN_UNUSED_VARIABLE = YES;
				IPHONEOS_DEPLOYMENT_TARGET = 8.1;
				MTL_ENABLE_DEBUG_INFO = NO;
				SDKROOT = iphoneos;
				VALIDATE_PRODUCT = YES;
			};
			name = Release;
		};
		D64424F51A5757A40039731D /* Debug */ = {
			isa = XCBuildConfiguration;
			buildSettings = {
				ASSETCATALOG_COMPILER_APPICON_NAME = AppIcon;
				INFOPLIST_FILE = ShoeSizeConverter/Info.plist;
				LD_RUNPATH_SEARCH_PATHS = "$(inherited) @executable_path/Frameworks";
				PRODUCT_NAME = "$(TARGET_NAME)";
			};
			name = Debug;
		};
		D64424F61A5757A40039731D /* Release */ = {
			isa = XCBuildConfiguration;
			buildSettings = {
				ASSETCATALOG_COMPILER_APPICON_NAME = AppIcon;
				INFOPLIST_FILE = ShoeSizeConverter/Info.plist;
				LD_RUNPATH_SEARCH_PATHS = "$(inherited) @executable_path/Frameworks";
				PRODUCT_NAME = "$(TARGET_NAME)";
			};
			name = Release;
		};
		D64424F81A5757A40039731D /* Debug */ = {
			isa = XCBuildConfiguration;
			buildSettings = {
				BUNDLE_LOADER = "$(TEST_HOST)";
				FRAMEWORK_SEARCH_PATHS = (
					"$(SDKROOT)/Developer/Library/Frameworks",
					"$(inherited)",
				);
				GCC_PREPROCESSOR_DEFINITIONS = (
					"DEBUG=1",
					"$(inherited)",
				);
				INFOPLIST_FILE = ShoeSizeConverterTests/Info.plist;
				LD_RUNPATH_SEARCH_PATHS = "$(inherited) @executable_path/Frameworks @loader_path/Frameworks";
				PRODUCT_NAME = "$(TARGET_NAME)";
				TEST_HOST = "$(BUILT_PRODUCTS_DIR)/ShoeSizeConverter.app/ShoeSizeConverter";
			};
			name = Debug;
		};
		D64424F91A5757A40039731D /* Release */ = {
			isa = XCBuildConfiguration;
			buildSettings = {
				BUNDLE_LOADER = "$(TEST_HOST)";
				FRAMEWORK_SEARCH_PATHS = (
					"$(SDKROOT)/Developer/Library/Frameworks",
					"$(inherited)",
				);
				INFOPLIST_FILE = ShoeSizeConverterTests/Info.plist;
				LD_RUNPATH_SEARCH_PATHS = "$(inherited) @executable_path/Frameworks @loader_path/Frameworks";
				PRODUCT_NAME = "$(TARGET_NAME)";
				TEST_HOST = "$(BUILT_PRODUCTS_DIR)/ShoeSizeConverter.app/ShoeSizeConverter";
			};
			name = Release;
		};
/* End XCBuildConfiguration section */

/* Begin XCConfigurationList section */
		D64424D01A5757A40039731D /* Build configuration list for PBXProject "ShoeSizeConverter" */ = {
			isa = XCConfigurationList;
			buildConfigurations = (
				D64424F21A5757A40039731D /* Debug */,
				D64424F31A5757A40039731D /* Release */,
			);
			defaultConfigurationIsVisible = 0;
			defaultConfigurationName = Release;
		};
		D64424F41A5757A40039731D /* Build configuration list for PBXNativeTarget "ShoeSizeConverter" */ = {
			isa = XCConfigurationList;
			buildConfigurations = (
				D64424F51A5757A40039731D /* Debug */,
				D64424F61A5757A40039731D /* Release */,
			);
			defaultConfigurationIsVisible = 0;
		};
		D64424F71A5757A40039731D /* Build configuration list for PBXNativeTarget "ShoeSizeConverterTests" */ = {
			isa = XCConfigurationList;
			buildConfigurations = (
				D64424F81A5757A40039731D /* Debug */,
				D64424F91A5757A40039731D /* Release */,
			);
			defaultConfigurationIsVisible = 0;
		};
/* End XCConfigurationList section */
	};
	rootObject = D64424CD1A5757A40039731D /* Project object */;
}
